
Microsoft Visual Studio Solution File, Format Version 12.00
# Visual Studio 15
VisualStudioVersion = 15.0.26730.16
MinimumVisualStudioVersion = 10.0.40219.1
Project("{FAE04EC0-301F-11D3-BF4B-00C04F79EFBC}") = "SEDailyXamarin", "SEDailyXamarin\SEDailyXamarin.csproj", "{5374F82A-B1DD-440D-BA5D-DC3786C47788}"
EndProject
Global
	GlobalSection(SolutionConfigurationPlatforms) = preSolution
		Debug|Any CPU = Debug|Any CPU
		Release|Any CPU = Release|Any CPU
	EndGlobalSection
	GlobalSection(ProjectConfigurationPlatforms) = postSolution
		{5374F82A-B1DD-440D-BA5D-DC3786C47788}.Debug|Any CPU.ActiveCfg = Debug|Any CPU
		{5374F82A-B1DD-440D-BA5D-DC3786C47788}.Debug|Any CPU.Build.0 = Debug|Any CPU
		{5374F82A-B1DD-440D-BA5D-DC3786C47788}.Debug|Any CPU.Deploy.0 = Debug|Any CPU
		{5374F82A-B1DD-440D-BA5D-DC3786C47788}.Release|Any CPU.ActiveCfg = Release|Any CPU
		{5374F82A-B1DD-440D-BA5D-DC3786C47788}.Release|Any CPU.Build.0 = Release|Any CPU
		{5374F82A-B1DD-440D-BA5D-DC3786C47788}.Release|Any CPU.Deploy.0 = Release|Any CPU
	EndGlobalSection
	GlobalSection(SolutionProperties) = preSolution
		HideSolutionNode = FALSE
	EndGlobalSection
	GlobalSection(ExtensibilityGlobals) = postSolution
		SolutionGuid = {28D8253F-6361-46D9-B4E6-3BBFA7CC7F28}
	EndGlobalSection
EndGlobal
